// !$*UTF8*$!
{
	archiveVersion = 1;
	classes = {
	};
	objectVersion = 50;
	objects = {

/* Begin PBXBuildFile section */
		DC20347726947CA20087AA47 /* AppDelegate.swift in Sources */ = {isa = PBXBuildFile; fileRef = DC20347626947CA20087AA47 /* AppDelegate.swift */; };
		DC20347926947CA20087AA47 /* SceneDelegate.swift in Sources */ = {isa = PBXBuildFile; fileRef = DC20347826947CA20087AA47 /* SceneDelegate.swift */; };
		DC20347B26947CA20087AA47 /* ViewController.swift in Sources */ = {isa = PBXBuildFile; fileRef = DC20347A26947CA20087AA47 /* ViewController.swift */; };
		DC20347E26947CA20087AA47 /* Main.storyboard in Resources */ = {isa = PBXBuildFile; fileRef = DC20347C26947CA20087AA47 /* Main.storyboard */; };
		DC20348026947CA30087AA47 /* Assets.xcassets in Resources */ = {isa = PBXBuildFile; fileRef = DC20347F26947CA30087AA47 /* Assets.xcassets */; };
		DC20348326947CA30087AA47 /* LaunchScreen.storyboard in Resources */ = {isa = PBXBuildFile; fileRef = DC20348126947CA30087AA47 /* LaunchScreen.storyboard */; };
		DC20348E26947CA30087AA47 /* DanielC_BigFishTests.swift in Sources */ = {isa = PBXBuildFile; fileRef = DC20348D26947CA30087AA47 /* DanielC_BigFishTests.swift */; };
		DC20349926947CA30087AA47 /* DanielC_BigFishUITests.swift in Sources */ = {isa = PBXBuildFile; fileRef = DC20349826947CA30087AA47 /* DanielC_BigFishUITests.swift */; };
		DC2034B3269485FC0087AA47 /* Restaurant.swift in Sources */ = {isa = PBXBuildFile; fileRef = DC2034B2269485FC0087AA47 /* Restaurant.swift */; };
		DC2034B8269487CE0087AA47 /* YelpService.swift in Sources */ = {isa = PBXBuildFile; fileRef = DC2034B7269487CE0087AA47 /* YelpService.swift */; };
		DC2034BE269488AD0087AA47 /* Constants.swift in Sources */ = {isa = PBXBuildFile; fileRef = DC2034BD269488AD0087AA47 /* Constants.swift */; };
		DC3541132695F73B00F83629 /* NetworkManager.swift in Sources */ = {isa = PBXBuildFile; fileRef = DC3541122695F73B00F83629 /* NetworkManager.swift */; };
		DC35411B269602F300F83629 /* RestaurantViewModelTests.swift in Sources */ = {isa = PBXBuildFile; fileRef = DC35411A269602F300F83629 /* RestaurantViewModelTests.swift */; };
		DCD7E71626948C6600673562 /* CoreService.swift in Sources */ = {isa = PBXBuildFile; fileRef = DCD7E71526948C6600673562 /* CoreService.swift */; };
		DCD7E71B26949F8D00673562 /* Box.swift in Sources */ = {isa = PBXBuildFile; fileRef = DCD7E71A26949F8D00673562 /* Box.swift */; };
		DCD7E7202694A1D000673562 /* RestaurantViewModel.swift in Sources */ = {isa = PBXBuildFile; fileRef = DCD7E71F2694A1D000673562 /* RestaurantViewModel.swift */; };
		DCD7E7332694B73300673562 /* LocationService.swift in Sources */ = {isa = PBXBuildFile; fileRef = DCD7E7322694B73300673562 /* LocationService.swift */; };
		DCD7E7532694EA8000673562 /* User.swift in Sources */ = {isa = PBXBuildFile; fileRef = DCD7E7522694EA8000673562 /* User.swift */; };
		DCD7E76B2694F33200673562 /* RestaurantTableViewCell.swift in Sources */ = {isa = PBXBuildFile; fileRef = DCD7E7692694F33200673562 /* RestaurantTableViewCell.swift */; };
		DCD7E76C2694F33200673562 /* RestaurantTableViewCell.xib in Resources */ = {isa = PBXBuildFile; fileRef = DCD7E76A2694F33200673562 /* RestaurantTableViewCell.xib */; };
		DCD7E77B2694F4ED00673562 /* RestaurantsListViewController.swift in Sources */ = {isa = PBXBuildFile; fileRef = DCD7E7792694F4ED00673562 /* RestaurantsListViewController.swift */; };
		DCD7E77C2694F4ED00673562 /* RestaurantsListViewController.xib in Resources */ = {isa = PBXBuildFile; fileRef = DCD7E77A2694F4ED00673562 /* RestaurantsListViewController.xib */; };
/* End PBXBuildFile section */

/* Begin PBXContainerItemProxy section */
		DC20348A26947CA30087AA47 /* PBXContainerItemProxy */ = {
			isa = PBXContainerItemProxy;
			containerPortal = DC20346B26947CA20087AA47 /* Project object */;
			proxyType = 1;
			remoteGlobalIDString = DC20347226947CA20087AA47;
			remoteInfo = DanielC_BigFish;
		};
		DC20349526947CA30087AA47 /* PBXContainerItemProxy */ = {
			isa = PBXContainerItemProxy;
			containerPortal = DC20346B26947CA20087AA47 /* Project object */;
			proxyType = 1;
			remoteGlobalIDString = DC20347226947CA20087AA47;
			remoteInfo = DanielC_BigFish;
		};
/* End PBXContainerItemProxy section */

/* Begin PBXFileReference section */
		DC20347326947CA20087AA47 /* DanielC_BigFish.app */ = {isa = PBXFileReference; explicitFileType = wrapper.application; includeInIndex = 0; path = DanielC_BigFish.app; sourceTree = BUILT_PRODUCTS_DIR; };
		DC20347626947CA20087AA47 /* AppDelegate.swift */ = {isa = PBXFileReference; lastKnownFileType = sourcecode.swift; path = AppDelegate.swift; sourceTree = "<group>"; };
		DC20347826947CA20087AA47 /* SceneDelegate.swift */ = {isa = PBXFileReference; lastKnownFileType = sourcecode.swift; path = SceneDelegate.swift; sourceTree = "<group>"; };
		DC20347A26947CA20087AA47 /* ViewController.swift */ = {isa = PBXFileReference; lastKnownFileType = sourcecode.swift; path = ViewController.swift; sourceTree = "<group>"; };
		DC20347D26947CA20087AA47 /* Base */ = {isa = PBXFileReference; lastKnownFileType = file.storyboard; name = Base; path = Base.lproj/Main.storyboard; sourceTree = "<group>"; };
		DC20347F26947CA30087AA47 /* Assets.xcassets */ = {isa = PBXFileReference; lastKnownFileType = folder.assetcatalog; path = Assets.xcassets; sourceTree = "<group>"; };
		DC20348226947CA30087AA47 /* Base */ = {isa = PBXFileReference; lastKnownFileType = file.storyboard; name = Base; path = Base.lproj/LaunchScreen.storyboard; sourceTree = "<group>"; };
		DC20348426947CA30087AA47 /* Info.plist */ = {isa = PBXFileReference; lastKnownFileType = text.plist.xml; path = Info.plist; sourceTree = "<group>"; };
		DC20348926947CA30087AA47 /* DanielC_BigFishTests.xctest */ = {isa = PBXFileReference; explicitFileType = wrapper.cfbundle; includeInIndex = 0; path = DanielC_BigFishTests.xctest; sourceTree = BUILT_PRODUCTS_DIR; };
		DC20348D26947CA30087AA47 /* DanielC_BigFishTests.swift */ = {isa = PBXFileReference; lastKnownFileType = sourcecode.swift; path = DanielC_BigFishTests.swift; sourceTree = "<group>"; };
		DC20348F26947CA30087AA47 /* Info.plist */ = {isa = PBXFileReference; lastKnownFileType = text.plist.xml; path = Info.plist; sourceTree = "<group>"; };
		DC20349426947CA30087AA47 /* DanielC_BigFishUITests.xctest */ = {isa = PBXFileReference; explicitFileType = wrapper.cfbundle; includeInIndex = 0; path = DanielC_BigFishUITests.xctest; sourceTree = BUILT_PRODUCTS_DIR; };
		DC20349826947CA30087AA47 /* DanielC_BigFishUITests.swift */ = {isa = PBXFileReference; lastKnownFileType = sourcecode.swift; path = DanielC_BigFishUITests.swift; sourceTree = "<group>"; };
		DC20349A26947CA30087AA47 /* Info.plist */ = {isa = PBXFileReference; lastKnownFileType = text.plist.xml; path = Info.plist; sourceTree = "<group>"; };
		DC2034B2269485FC0087AA47 /* Restaurant.swift */ = {isa = PBXFileReference; lastKnownFileType = sourcecode.swift; path = Restaurant.swift; sourceTree = "<group>"; };
		DC2034B7269487CE0087AA47 /* YelpService.swift */ = {isa = PBXFileReference; lastKnownFileType = sourcecode.swift; path = YelpService.swift; sourceTree = "<group>"; };
		DC2034BD269488AD0087AA47 /* Constants.swift */ = {isa = PBXFileReference; lastKnownFileType = sourcecode.swift; path = Constants.swift; sourceTree = "<group>"; };
		DC3541122695F73B00F83629 /* NetworkManager.swift */ = {isa = PBXFileReference; lastKnownFileType = sourcecode.swift; path = NetworkManager.swift; sourceTree = "<group>"; };
		DC35411A269602F300F83629 /* RestaurantViewModelTests.swift */ = {isa = PBXFileReference; lastKnownFileType = sourcecode.swift; path = RestaurantViewModelTests.swift; sourceTree = "<group>"; };
		DCD7E71526948C6600673562 /* CoreService.swift */ = {isa = PBXFileReference; lastKnownFileType = sourcecode.swift; path = CoreService.swift; sourceTree = "<group>"; };
		DCD7E71A26949F8D00673562 /* Box.swift */ = {isa = PBXFileReference; lastKnownFileType = sourcecode.swift; path = Box.swift; sourceTree = "<group>"; };
		DCD7E71F2694A1D000673562 /* RestaurantViewModel.swift */ = {isa = PBXFileReference; lastKnownFileType = sourcecode.swift; path = RestaurantViewModel.swift; sourceTree = "<group>"; };
		DCD7E7322694B73300673562 /* LocationService.swift */ = {isa = PBXFileReference; lastKnownFileType = sourcecode.swift; path = LocationService.swift; sourceTree = "<group>"; };
		DCD7E7522694EA8000673562 /* User.swift */ = {isa = PBXFileReference; lastKnownFileType = sourcecode.swift; path = User.swift; sourceTree = "<group>"; };
		DCD7E7692694F33200673562 /* RestaurantTableViewCell.swift */ = {isa = PBXFileReference; fileEncoding = 4; lastKnownFileType = sourcecode.swift; path = RestaurantTableViewCell.swift; sourceTree = "<group>"; };
		DCD7E76A2694F33200673562 /* RestaurantTableViewCell.xib */ = {isa = PBXFileReference; fileEncoding = 4; lastKnownFileType = file.xib; path = RestaurantTableViewCell.xib; sourceTree = "<group>"; };
		DCD7E7792694F4ED00673562 /* RestaurantsListViewController.swift */ = {isa = PBXFileReference; lastKnownFileType = sourcecode.swift; path = RestaurantsListViewController.swift; sourceTree = "<group>"; };
		DCD7E77A2694F4ED00673562 /* RestaurantsListViewController.xib */ = {isa = PBXFileReference; lastKnownFileType = file.xib; path = RestaurantsListViewController.xib; sourceTree = "<group>"; };
/* End PBXFileReference section */

/* Begin PBXFrameworksBuildPhase section */
		DC20347026947CA20087AA47 /* Frameworks */ = {
			isa = PBXFrameworksBuildPhase;
			buildActionMask = 2147483647;
			files = (
			);
			runOnlyForDeploymentPostprocessing = 0;
		};
		DC20348626947CA30087AA47 /* Frameworks */ = {
			isa = PBXFrameworksBuildPhase;
			buildActionMask = 2147483647;
			files = (
			);
			runOnlyForDeploymentPostprocessing = 0;
		};
		DC20349126947CA30087AA47 /* Frameworks */ = {
			isa = PBXFrameworksBuildPhase;
			buildActionMask = 2147483647;
			files = (
			);
			runOnlyForDeploymentPostprocessing = 0;
		};
/* End PBXFrameworksBuildPhase section */

/* Begin PBXGroup section */
		DC20346A26947CA20087AA47 = {
			isa = PBXGroup;
			children = (
				DC20347526947CA20087AA47 /* DanielC_BigFish */,
				DC20348C26947CA30087AA47 /* DanielC_BigFishTests */,
				DC20349726947CA30087AA47 /* DanielC_BigFishUITests */,
				DC20347426947CA20087AA47 /* Products */,
			);
			sourceTree = "<group>";
		};
		DC20347426947CA20087AA47 /* Products */ = {
			isa = PBXGroup;
			children = (
				DC20347326947CA20087AA47 /* DanielC_BigFish.app */,
				DC20348926947CA30087AA47 /* DanielC_BigFishTests.xctest */,
				DC20349426947CA30087AA47 /* DanielC_BigFishUITests.xctest */,
			);
			name = Products;
			sourceTree = "<group>";
		};
		DC20347526947CA20087AA47 /* DanielC_BigFish */ = {
			isa = PBXGroup;
			children = (
				DC20347626947CA20087AA47 /* AppDelegate.swift */,
				DC20347826947CA20087AA47 /* SceneDelegate.swift */,
				DC20347F26947CA30087AA47 /* Assets.xcassets */,
				DC20348426947CA30087AA47 /* Info.plist */,
				DC2034AC26947CFD0087AA47 /* Controllers */,
				DC2034AB26947CEB0087AA47 /* Models */,
				DC2034AA26947CE60087AA47 /* Services */,
				DC2034A926947CC50087AA47 /* Storyboards */,
				DC2034AE26947D340087AA47 /* Utilities */,
				DC2034AD26947D190087AA47 /* ViewModels */,
				DCD7E7242694AA6900673562 /* Widgets */,
			);
			path = DanielC_BigFish;
			sourceTree = "<group>";
		};
		DC20348C26947CA30087AA47 /* DanielC_BigFishTests */ = {
			isa = PBXGroup;
			children = (
				DC3541112695F6FF00F83629 /* Supporting Files */,
				DC3541082695F5A500F83629 /* ViewModelTests */,
				DC20348D26947CA30087AA47 /* DanielC_BigFishTests.swift */,
				DC20348F26947CA30087AA47 /* Info.plist */,
			);
			path = DanielC_BigFishTests;
			sourceTree = "<group>";
		};
		DC20349726947CA30087AA47 /* DanielC_BigFishUITests */ = {
			isa = PBXGroup;
			children = (
				DC20349826947CA30087AA47 /* DanielC_BigFishUITests.swift */,
				DC20349A26947CA30087AA47 /* Info.plist */,
			);
			path = DanielC_BigFishUITests;
			sourceTree = "<group>";
		};
		DC2034A926947CC50087AA47 /* Storyboards */ = {
			isa = PBXGroup;
			children = (
				DC20347C26947CA20087AA47 /* Main.storyboard */,
				DC20348126947CA30087AA47 /* LaunchScreen.storyboard */,
			);
			path = Storyboards;
			sourceTree = "<group>";
		};
		DC2034AA26947CE60087AA47 /* Services */ = {
			isa = PBXGroup;
			children = (
				DCD7E7322694B73300673562 /* LocationService.swift */,
				DC2034B7269487CE0087AA47 /* YelpService.swift */,
				DCD7E71526948C6600673562 /* CoreService.swift */,
			);
			path = Services;
			sourceTree = "<group>";
		};
		DC2034AB26947CEB0087AA47 /* Models */ = {
			isa = PBXGroup;
			children = (
				DC2034B2269485FC0087AA47 /* Restaurant.swift */,
				DCD7E7522694EA8000673562 /* User.swift */,
			);
			path = Models;
			sourceTree = "<group>";
		};
		DC2034AC26947CFD0087AA47 /* Controllers */ = {
			isa = PBXGroup;
			children = (
				DC20347A26947CA20087AA47 /* ViewController.swift */,
				DCD7E7792694F4ED00673562 /* RestaurantsListViewController.swift */,
				DCD7E77A2694F4ED00673562 /* RestaurantsListViewController.xib */,
			);
			path = Controllers;
			sourceTree = "<group>";
		};
		DC2034AD26947D190087AA47 /* ViewModels */ = {
			isa = PBXGroup;
			children = (
				DCD7E71F2694A1D000673562 /* RestaurantViewModel.swift */,
			);
			path = ViewModels;
			sourceTree = "<group>";
		};
		DC2034AE26947D340087AA47 /* Utilities */ = {
			isa = PBXGroup;
			children = (
				DC2034BD269488AD0087AA47 /* Constants.swift */,
				DCD7E71A26949F8D00673562 /* Box.swift */,
			);
			path = Utilities;
			sourceTree = "<group>";
		};
		DC3541082695F5A500F83629 /* ViewModelTests */ = {
			isa = PBXGroup;
			children = (
				DC35411A269602F300F83629 /* RestaurantViewModelTests.swift */,
			);
			path = ViewModelTests;
			sourceTree = "<group>";
		};
		DC3541112695F6FF00F83629 /* Supporting Files */ = {
			isa = PBXGroup;
			children = (
				DC3541122695F73B00F83629 /* NetworkManager.swift */,
			);
			path = "Supporting Files";
			sourceTree = "<group>";
		};
		DCD7E7242694AA6900673562 /* Widgets */ = {
			isa = PBXGroup;
			children = (
				DCD7E7692694F33200673562 /* RestaurantTableViewCell.swift */,
				DCD7E76A2694F33200673562 /* RestaurantTableViewCell.xib */,
			);
			path = Widgets;
			sourceTree = "<group>";
		};
/* End PBXGroup section */

/* Begin PBXNativeTarget section */
		DC20347226947CA20087AA47 /* DanielC_BigFish */ = {
			isa = PBXNativeTarget;
			buildConfigurationList = DC20349D26947CA30087AA47 /* Build configuration list for PBXNativeTarget "DanielC_BigFish" */;
			buildPhases = (
				DC20346F26947CA20087AA47 /* Sources */,
				DC20347026947CA20087AA47 /* Frameworks */,
				DC20347126947CA20087AA47 /* Resources */,
			);
			buildRules = (
			);
			dependencies = (
			);
			name = DanielC_BigFish;
			productName = DanielC_BigFish;
			productReference = DC20347326947CA20087AA47 /* DanielC_BigFish.app */;
			productType = "com.apple.product-type.application";
		};
		DC20348826947CA30087AA47 /* DanielC_BigFishTests */ = {
			isa = PBXNativeTarget;
			buildConfigurationList = DC2034A026947CA30087AA47 /* Build configuration list for PBXNativeTarget "DanielC_BigFishTests" */;
			buildPhases = (
				DC20348526947CA30087AA47 /* Sources */,
				DC20348626947CA30087AA47 /* Frameworks */,
				DC20348726947CA30087AA47 /* Resources */,
			);
			buildRules = (
			);
			dependencies = (
				DC20348B26947CA30087AA47 /* PBXTargetDependency */,
			);
			name = DanielC_BigFishTests;
			productName = DanielC_BigFishTests;
			productReference = DC20348926947CA30087AA47 /* DanielC_BigFishTests.xctest */;
			productType = "com.apple.product-type.bundle.unit-test";
		};
		DC20349326947CA30087AA47 /* DanielC_BigFishUITests */ = {
			isa = PBXNativeTarget;
			buildConfigurationList = DC2034A326947CA30087AA47 /* Build configuration list for PBXNativeTarget "DanielC_BigFishUITests" */;
			buildPhases = (
				DC20349026947CA30087AA47 /* Sources */,
				DC20349126947CA30087AA47 /* Frameworks */,
				DC20349226947CA30087AA47 /* Resources */,
			);
			buildRules = (
			);
			dependencies = (
				DC20349626947CA30087AA47 /* PBXTargetDependency */,
			);
			name = DanielC_BigFishUITests;
			productName = DanielC_BigFishUITests;
			productReference = DC20349426947CA30087AA47 /* DanielC_BigFishUITests.xctest */;
			productType = "com.apple.product-type.bundle.ui-testing";
		};
/* End PBXNativeTarget section */

/* Begin PBXProject section */
		DC20346B26947CA20087AA47 /* Project object */ = {
			isa = PBXProject;
			attributes = {
				LastSwiftUpdateCheck = 1220;
				LastUpgradeCheck = 1220;
				TargetAttributes = {
					DC20347226947CA20087AA47 = {
						CreatedOnToolsVersion = 12.2;
					};
					DC20348826947CA30087AA47 = {
						CreatedOnToolsVersion = 12.2;
						TestTargetID = DC20347226947CA20087AA47;
					};
					DC20349326947CA30087AA47 = {
						CreatedOnToolsVersion = 12.2;
						TestTargetID = DC20347226947CA20087AA47;
					};
				};
			};
			buildConfigurationList = DC20346E26947CA20087AA47 /* Build configuration list for PBXProject "DanielC_BigFish" */;
			compatibilityVersion = "Xcode 9.3";
			developmentRegion = en;
			hasScannedForEncodings = 0;
			knownRegions = (
				en,
				Base,
			);
			mainGroup = DC20346A26947CA20087AA47;
			productRefGroup = DC20347426947CA20087AA47 /* Products */;
			projectDirPath = "";
			projectRoot = "";
			targets = (
				DC20347226947CA20087AA47 /* DanielC_BigFish */,
				DC20348826947CA30087AA47 /* DanielC_BigFishTests */,
				DC20349326947CA30087AA47 /* DanielC_BigFishUITests */,
			);
		};
/* End PBXProject section */

/* Begin PBXResourcesBuildPhase section */
		DC20347126947CA20087AA47 /* Resources */ = {
			isa = PBXResourcesBuildPhase;
			buildActionMask = 2147483647;
			files = (
				DC20348326947CA30087AA47 /* LaunchScreen.storyboard in Resources */,
				DCD7E77C2694F4ED00673562 /* RestaurantsListViewController.xib in Resources */,
				DC20348026947CA30087AA47 /* Assets.xcassets in Resources */,
				DCD7E76C2694F33200673562 /* RestaurantTableViewCell.xib in Resources */,
				DC20347E26947CA20087AA47 /* Main.storyboard in Resources */,
			);
			runOnlyForDeploymentPostprocessing = 0;
		};
		DC20348726947CA30087AA47 /* Resources */ = {
			isa = PBXResourcesBuildPhase;
			buildActionMask = 2147483647;
			files = (
			);
			runOnlyForDeploymentPostprocessing = 0;
		};
		DC20349226947CA30087AA47 /* Resources */ = {
			isa = PBXResourcesBuildPhase;
			buildActionMask = 2147483647;
			files = (
			);
			runOnlyForDeploymentPostprocessing = 0;
		};
/* End PBXResourcesBuildPhase section */

/* Begin PBXSourcesBuildPhase section */
		DC20346F26947CA20087AA47 /* Sources */ = {
			isa = PBXSourcesBuildPhase;
			buildActionMask = 2147483647;
			files = (
				DC2034B3269485FC0087AA47 /* Restaurant.swift in Sources */,
				DC20347B26947CA20087AA47 /* ViewController.swift in Sources */,
				DCD7E7332694B73300673562 /* LocationService.swift in Sources */,
				DC20347726947CA20087AA47 /* AppDelegate.swift in Sources */,
				DC20347926947CA20087AA47 /* SceneDelegate.swift in Sources */,
				DCD7E7202694A1D000673562 /* RestaurantViewModel.swift in Sources */,
				DC2034B8269487CE0087AA47 /* YelpService.swift in Sources */,
				DCD7E77B2694F4ED00673562 /* RestaurantsListViewController.swift in Sources */,
				DCD7E71B26949F8D00673562 /* Box.swift in Sources */,
				DCD7E71626948C6600673562 /* CoreService.swift in Sources */,
				DC2034BE269488AD0087AA47 /* Constants.swift in Sources */,
				DCD7E7532694EA8000673562 /* User.swift in Sources */,
				DCD7E76B2694F33200673562 /* RestaurantTableViewCell.swift in Sources */,
			);
			runOnlyForDeploymentPostprocessing = 0;
		};
		DC20348526947CA30087AA47 /* Sources */ = {
			isa = PBXSourcesBuildPhase;
			buildActionMask = 2147483647;
			files = (
				DC3541132695F73B00F83629 /* NetworkManager.swift in Sources */,
				DC35411B269602F300F83629 /* RestaurantViewModelTests.swift in Sources */,
				DC20348E26947CA30087AA47 /* DanielC_BigFishTests.swift in Sources */,
			);
			runOnlyForDeploymentPostprocessing = 0;
		};
		DC20349026947CA30087AA47 /* Sources */ = {
			isa = PBXSourcesBuildPhase;
			buildActionMask = 2147483647;
			files = (
				DC20349926947CA30087AA47 /* DanielC_BigFishUITests.swift in Sources */,
			);
			runOnlyForDeploymentPostprocessing = 0;
		};
/* End PBXSourcesBuildPhase section */

/* Begin PBXTargetDependency section */
		DC20348B26947CA30087AA47 /* PBXTargetDependency */ = {
			isa = PBXTargetDependency;
			target = DC20347226947CA20087AA47 /* DanielC_BigFish */;
			targetProxy = DC20348A26947CA30087AA47 /* PBXContainerItemProxy */;
		};
		DC20349626947CA30087AA47 /* PBXTargetDependency */ = {
			isa = PBXTargetDependency;
			target = DC20347226947CA20087AA47 /* DanielC_BigFish */;
			targetProxy = DC20349526947CA30087AA47 /* PBXContainerItemProxy */;
		};
/* End PBXTargetDependency section */

/* Begin PBXVariantGroup section */
		DC20347C26947CA20087AA47 /* Main.storyboard */ = {
			isa = PBXVariantGroup;
			children = (
				DC20347D26947CA20087AA47 /* Base */,
			);
			name = Main.storyboard;
			sourceTree = "<group>";
		};
		DC20348126947CA30087AA47 /* LaunchScreen.storyboard */ = {
			isa = PBXVariantGroup;
			children = (
				DC20348226947CA30087AA47 /* Base */,
			);
			name = LaunchScreen.storyboard;
			sourceTree = "<group>";
		};
/* End PBXVariantGroup section */

/* Begin XCBuildConfiguration section */
		DC20349B26947CA30087AA47 /* Debug */ = {
			isa = XCBuildConfiguration;
			buildSettings = {
				ALWAYS_SEARCH_USER_PATHS = NO;
				CLANG_ANALYZER_NONNULL = YES;
				CLANG_ANALYZER_NUMBER_OBJECT_CONVERSION = YES_AGGRESSIVE;
				CLANG_CXX_LANGUAGE_STANDARD = "gnu++14";
				CLANG_CXX_LIBRARY = "libc++";
				CLANG_ENABLE_MODULES = YES;
				CLANG_ENABLE_OBJC_ARC = YES;
				CLANG_ENABLE_OBJC_WEAK = YES;
				CLANG_WARN_BLOCK_CAPTURE_AUTORELEASING = YES;
				CLANG_WARN_BOOL_CONVERSION = YES;
				CLANG_WARN_COMMA = YES;
				CLANG_WARN_CONSTANT_CONVERSION = YES;
				CLANG_WARN_DEPRECATED_OBJC_IMPLEMENTATIONS = YES;
				CLANG_WARN_DIRECT_OBJC_ISA_USAGE = YES_ERROR;
				CLANG_WARN_DOCUMENTATION_COMMENTS = YES;
				CLANG_WARN_EMPTY_BODY = YES;
				CLANG_WARN_ENUM_CONVERSION = YES;
				CLANG_WARN_INFINITE_RECURSION = YES;
				CLANG_WARN_INT_CONVERSION = YES;
				CLANG_WARN_NON_LITERAL_NULL_CONVERSION = YES;
				CLANG_WARN_OBJC_IMPLICIT_RETAIN_SELF = YES;
				CLANG_WARN_OBJC_LITERAL_CONVERSION = YES;
				CLANG_WARN_OBJC_ROOT_CLASS = YES_ERROR;
				CLANG_WARN_QUOTED_INCLUDE_IN_FRAMEWORK_HEADER = YES;
				CLANG_WARN_RANGE_LOOP_ANALYSIS = YES;
				CLANG_WARN_STRICT_PROTOTYPES = YES;
				CLANG_WARN_SUSPICIOUS_MOVE = YES;
				CLANG_WARN_UNGUARDED_AVAILABILITY = YES_AGGRESSIVE;
				CLANG_WARN_UNREACHABLE_CODE = YES;
				CLANG_WARN__DUPLICATE_METHOD_MATCH = YES;
				COPY_PHASE_STRIP = NO;
				DEBUG_INFORMATION_FORMAT = dwarf;
				ENABLE_STRICT_OBJC_MSGSEND = YES;
				ENABLE_TESTABILITY = YES;
				GCC_C_LANGUAGE_STANDARD = gnu11;
				GCC_DYNAMIC_NO_PIC = NO;
				GCC_NO_COMMON_BLOCKS = YES;
				GCC_OPTIMIZATION_LEVEL = 0;
				GCC_PREPROCESSOR_DEFINITIONS = (
					"DEBUG=1",
					"$(inherited)",
				);
				GCC_WARN_64_TO_32_BIT_CONVERSION = YES;
				GCC_WARN_ABOUT_RETURN_TYPE = YES_ERROR;
				GCC_WARN_UNDECLARED_SELECTOR = YES;
				GCC_WARN_UNINITIALIZED_AUTOS = YES_AGGRESSIVE;
				GCC_WARN_UNUSED_FUNCTION = YES;
				GCC_WARN_UNUSED_VARIABLE = YES;
				IPHONEOS_DEPLOYMENT_TARGET = 14.2;
				MTL_ENABLE_DEBUG_INFO = INCLUDE_SOURCE;
				MTL_FAST_MATH = YES;
				ONLY_ACTIVE_ARCH = YES;
				SDKROOT = iphoneos;
				SWIFT_ACTIVE_COMPILATION_CONDITIONS = DEBUG;
				SWIFT_OPTIMIZATION_LEVEL = "-Onone";
			};
			name = Debug;
		};
		DC20349C26947CA30087AA47 /* Release */ = {
			isa = XCBuildConfiguration;
			buildSettings = {
				ALWAYS_SEARCH_USER_PATHS = NO;
				CLANG_ANALYZER_NONNULL = YES;
				CLANG_ANALYZER_NUMBER_OBJECT_CONVERSION = YES_AGGRESSIVE;
				CLANG_CXX_LANGUAGE_STANDARD = "gnu++14";
				CLANG_CXX_LIBRARY = "libc++";
				CLANG_ENABLE_MODULES = YES;
				CLANG_ENABLE_OBJC_ARC = YES;
				CLANG_ENABLE_OBJC_WEAK = YES;
				CLANG_WARN_BLOCK_CAPTURE_AUTORELEASING = YES;
				CLANG_WARN_BOOL_CONVERSION = YES;
				CLANG_WARN_COMMA = YES;
				CLANG_WARN_CONSTANT_CONVERSION = YES;
				CLANG_WARN_DEPRECATED_OBJC_IMPLEMENTATIONS = YES;
				CLANG_WARN_DIRECT_OBJC_ISA_USAGE = YES_ERROR;
				CLANG_WARN_DOCUMENTATION_COMMENTS = YES;
				CLANG_WARN_EMPTY_BODY = YES;
				CLANG_WARN_ENUM_CONVERSION = YES;
				CLANG_WARN_INFINITE_RECURSION = YES;
				CLANG_WARN_INT_CONVERSION = YES;
				CLANG_WARN_NON_LITERAL_NULL_CONVERSION = YES;
				CLANG_WARN_OBJC_IMPLICIT_RETAIN_SELF = YES;
				CLANG_WARN_OBJC_LITERAL_CONVERSION = YES;
				CLANG_WARN_OBJC_ROOT_CLASS = YES_ERROR;
				CLANG_WARN_QUOTED_INCLUDE_IN_FRAMEWORK_HEADER = YES;
				CLANG_WARN_RANGE_LOOP_ANALYSIS = YES;
				CLANG_WARN_STRICT_PROTOTYPES = YES;
				CLANG_WARN_SUSPICIOUS_MOVE = YES;
				CLANG_WARN_UNGUARDED_AVAILABILITY = YES_AGGRESSIVE;
				CLANG_WARN_UNREACHABLE_CODE = YES;
				CLANG_WARN__DUPLICATE_METHOD_MATCH = YES;
				COPY_PHASE_STRIP = NO;
				DEBUG_INFORMATION_FORMAT = "dwarf-with-dsym";
				ENABLE_NS_ASSERTIONS = NO;
				ENABLE_STRICT_OBJC_MSGSEND = YES;
				GCC_C_LANGUAGE_STANDARD = gnu11;
				GCC_NO_COMMON_BLOCKS = YES;
				GCC_WARN_64_TO_32_BIT_CONVERSION = YES;
				GCC_WARN_ABOUT_RETURN_TYPE = YES_ERROR;
				GCC_WARN_UNDECLARED_SELECTOR = YES;
				GCC_WARN_UNINITIALIZED_AUTOS = YES_AGGRESSIVE;
				GCC_WARN_UNUSED_FUNCTION = YES;
				GCC_WARN_UNUSED_VARIABLE = YES;
				IPHONEOS_DEPLOYMENT_TARGET = 14.2;
				MTL_ENABLE_DEBUG_INFO = NO;
				MTL_FAST_MATH = YES;
				SDKROOT = iphoneos;
				SWIFT_COMPILATION_MODE = wholemodule;
				SWIFT_OPTIMIZATION_LEVEL = "-O";
				VALIDATE_PRODUCT = YES;
			};
			name = Release;
		};
		DC20349E26947CA30087AA47 /* Debug */ = {
			isa = XCBuildConfiguration;
			buildSettings = {
				ASSETCATALOG_COMPILER_APPICON_NAME = AppIcon;
				ASSETCATALOG_COMPILER_GLOBAL_ACCENT_COLOR_NAME = AccentColor;
				CODE_SIGN_STYLE = Automatic;
				DEVELOPMENT_TEAM = 3QYG2KWVVN;
				INFOPLIST_FILE = DanielC_BigFish/Info.plist;
				LD_RUNPATH_SEARCH_PATHS = (
					"$(inherited)",
					"@executable_path/Frameworks",
				);
				PRODUCT_BUNDLE_IDENTIFIER = "com.laughinglimey.DanielC-BigFish";
				PRODUCT_NAME = "$(TARGET_NAME)";
				SWIFT_VERSION = 5.0;
				TARGETED_DEVICE_FAMILY = "1,2";
			};
			name = Debug;
		};
		DC20349F26947CA30087AA47 /* Release */ = {
			isa = XCBuildConfiguration;
			buildSettings = {
				ASSETCATALOG_COMPILER_APPICON_NAME = AppIcon;
				ASSETCATALOG_COMPILER_GLOBAL_ACCENT_COLOR_NAME = AccentColor;
				CODE_SIGN_STYLE = Automatic;
				DEVELOPMENT_TEAM = 3QYG2KWVVN;
				INFOPLIST_FILE = DanielC_BigFish/Info.plist;
				LD_RUNPATH_SEARCH_PATHS = (
					"$(inherited)",
					"@executable_path/Frameworks",
				);
				PRODUCT_BUNDLE_IDENTIFIER = "com.laughinglimey.DanielC-BigFish";
				PRODUCT_NAME = "$(TARGET_NAME)";
				SWIFT_VERSION = 5.0;
				TARGETED_DEVICE_FAMILY = "1,2";
			};
			name = Release;
		};
		DC2034A126947CA30087AA47 /* Debug */ = {
			isa = XCBuildConfiguration;
			buildSettings = {
				ALWAYS_EMBED_SWIFT_STANDARD_LIBRARIES = YES;
				BUNDLE_LOADER = "$(TEST_HOST)";
				CODE_SIGN_STYLE = Automatic;
				DEVELOPMENT_TEAM = 3QYG2KWVVN;
				INFOPLIST_FILE = DanielC_BigFishTests/Info.plist;
				IPHONEOS_DEPLOYMENT_TARGET = 14.2;
				LD_RUNPATH_SEARCH_PATHS = (
					"$(inherited)",
					"@executable_path/Frameworks",
					"@loader_path/Frameworks",
				);
				PRODUCT_BUNDLE_IDENTIFIER = "com.laughinglimey.DanielC-BigFishTests";
				PRODUCT_NAME = "$(TARGET_NAME)";
				SWIFT_VERSION = 5.0;
				TARGETED_DEVICE_FAMILY = "1,2";
				TEST_HOST = "$(BUILT_PRODUCTS_DIR)/DanielC_BigFish.app/DanielC_BigFish";
			};
			name = Debug;
		};
		DC2034A226947CA30087AA47 /* Release */ = {
			isa = XCBuildConfiguration;
			buildSettings = {
				ALWAYS_EMBED_SWIFT_STANDARD_LIBRARIES = YES;
				BUNDLE_LOADER = "$(TEST_HOST)";
				CODE_SIGN_STYLE = Automatic;
				DEVELOPMENT_TEAM = 3QYG2KWVVN;
				INFOPLIST_FILE = DanielC_BigFishTests/Info.plist;
				IPHONEOS_DEPLOYMENT_TARGET = 14.2;
				LD_RUNPATH_SEARCH_PATHS = (
					"$(inherited)",
					"@executable_path/Frameworks",
					"@loader_path/Frameworks",
				);
				PRODUCT_BUNDLE_IDENTIFIER = "com.laughinglimey.DanielC-BigFishTests";
				PRODUCT_NAME = "$(TARGET_NAME)";
				SWIFT_VERSION = 5.0;
				TARGETED_DEVICE_FAMILY = "1,2";
				TEST_HOST = "$(BUILT_PRODUCTS_DIR)/DanielC_BigFish.app/DanielC_BigFish";
			};
			name = Release;
		};
		DC2034A426947CA30087AA47 /* Debug */ = {
			isa = XCBuildConfiguration;
			buildSettings = {
				ALWAYS_EMBED_SWIFT_STANDARD_LIBRARIES = YES;
				CODE_SIGN_STYLE = Automatic;
				DEVELOPMENT_TEAM = 3QYG2KWVVN;
				INFOPLIST_FILE = DanielC_BigFishUITests/Info.plist;
				LD_RUNPATH_SEARCH_PATHS = (
					"$(inherited)",
					"@executable_path/Frameworks",
					"@loader_path/Frameworks",
				);
				PRODUCT_BUNDLE_IDENTIFIER = "com.laughinglimey.DanielC-BigFishUITests";
				PRODUCT_NAME = "$(TARGET_NAME)";
				SWIFT_VERSION = 5.0;
				TARGETED_DEVICE_FAMILY = "1,2";
				TEST_TARGET_NAME = DanielC_BigFish;
			};
			name = Debug;
		};
		DC2034A526947CA30087AA47 /* Release */ = {
			isa = XCBuildConfiguration;
			buildSettings = {
				ALWAYS_EMBED_SWIFT_STANDARD_LIBRARIES = YES;
				CODE_SIGN_STYLE = Automatic;
				DEVELOPMENT_TEAM = 3QYG2KWVVN;
				INFOPLIST_FILE = DanielC_BigFishUITests/Info.plist;
				LD_RUNPATH_SEARCH_PATHS = (
					"$(inherited)",
					"@executable_path/Frameworks",
					"@loader_path/Frameworks",
				);
				PRODUCT_BUNDLE_IDENTIFIER = "com.laughinglimey.DanielC-BigFishUITests";
				PRODUCT_NAME = "$(TARGET_NAME)";
				SWIFT_VERSION = 5.0;
				TARGETED_DEVICE_FAMILY = "1,2";
				TEST_TARGET_NAME = DanielC_BigFish;
			};
			name = Release;
		};
/* End XCBuildConfiguration section */

/* Begin XCConfigurationList section */
		DC20346E26947CA20087AA47 /* Build configuration list for PBXProject "DanielC_BigFish" */ = {
			isa = XCConfigurationList;
			buildConfigurations = (
				DC20349B26947CA30087AA47 /* Debug */,
				DC20349C26947CA30087AA47 /* Release */,
			);
			defaultConfigurationIsVisible = 0;
			defaultConfigurationName = Release;
		};
		DC20349D26947CA30087AA47 /* Build configuration list for PBXNativeTarget "DanielC_BigFish" */ = {
			isa = XCConfigurationList;
			buildConfigurations = (
				DC20349E26947CA30087AA47 /* Debug */,
				DC20349F26947CA30087AA47 /* Release */,
			);
			defaultConfigurationIsVisible = 0;
			defaultConfigurationName = Release;
		};
		DC2034A026947CA30087AA47 /* Build configuration list for PBXNativeTarget "DanielC_BigFishTests" */ = {
			isa = XCConfigurationList;
			buildConfigurations = (
				DC2034A126947CA30087AA47 /* Debug */,
				DC2034A226947CA30087AA47 /* Release */,
			);
			defaultConfigurationIsVisible = 0;
			defaultConfigurationName = Release;
		};
		DC2034A326947CA30087AA47 /* Build configuration list for PBXNativeTarget "DanielC_BigFishUITests" */ = {
			isa = XCConfigurationList;
			buildConfigurations = (
				DC2034A426947CA30087AA47 /* Debug */,
				DC2034A526947CA30087AA47 /* Release */,
			);
			defaultConfigurationIsVisible = 0;
			defaultConfigurationName = Release;
		};
/* End XCConfigurationList section */
	};
	rootObject = DC20346B26947CA20087AA47 /* Project object */;
}
